// !$*UTF8*$!
{
	archiveVersion = 1;
	classes = {
	};
	objectVersion = 50;
	objects = {

/* Begin PBXBuildFile section */
		9F06625B22379C5B0007E6D9 /* AppDelegate.m in Sources */ = {isa = PBXBuildFile; fileRef = 9F06625A22379C5B0007E6D9 /* AppDelegate.m */; };
		9F06625E22379C5B0007E6D9 /* ViewController.m in Sources */ = {isa = PBXBuildFile; fileRef = 9F06625D22379C5B0007E6D9 /* ViewController.m */; };
		9F06626122379C5B0007E6D9 /* Main.storyboard in Resources */ = {isa = PBXBuildFile; fileRef = 9F06625F22379C5B0007E6D9 /* Main.storyboard */; };
		9F06626322379C600007E6D9 /* Assets.xcassets in Resources */ = {isa = PBXBuildFile; fileRef = 9F06626222379C600007E6D9 /* Assets.xcassets */; };
		9F06626622379C600007E6D9 /* LaunchScreen.storyboard in Resources */ = {isa = PBXBuildFile; fileRef = 9F06626422379C600007E6D9 /* LaunchScreen.storyboard */; };
		9F06626922379C600007E6D9 /* main.m in Sources */ = {isa = PBXBuildFile; fileRef = 9F06626822379C600007E6D9 /* main.m */; };
		9F06627122379CBA0007E6D9 /* PreLoader.m in Sources */ = {isa = PBXBuildFile; fileRef = 9F06627022379CBA0007E6D9 /* PreLoader.m */; };
/* End PBXBuildFile section */

/* Begin PBXFileReference section */
		9F06625622379C5B0007E6D9 /* XLPreLoader.app */ = {isa = PBXFileReference; explicitFileType = wrapper.application; includeInIndex = 0; path = XLPreLoader.app; sourceTree = BUILT_PRODUCTS_DIR; };
		9F06625922379C5B0007E6D9 /* AppDelegate.h */ = {isa = PBXFileReference; lastKnownFileType = sourcecode.c.h; path = AppDelegate.h; sourceTree = "<group>"; };
		9F06625A22379C5B0007E6D9 /* AppDelegate.m */ = {isa = PBXFileReference; lastKnownFileType = sourcecode.c.objc; path = AppDelegate.m; sourceTree = "<group>"; };
		9F06625C22379C5B0007E6D9 /* ViewController.h */ = {isa = PBXFileReference; lastKnownFileType = sourcecode.c.h; path = ViewController.h; sourceTree = "<group>"; };
		9F06625D22379C5B0007E6D9 /* ViewController.m */ = {isa = PBXFileReference; lastKnownFileType = sourcecode.c.objc; path = ViewController.m; sourceTree = "<group>"; };
		9F06626022379C5B0007E6D9 /* Base */ = {isa = PBXFileReference; lastKnownFileType = file.storyboard; name = Base; path = Base.lproj/Main.storyboard; sourceTree = "<group>"; };
		9F06626222379C600007E6D9 /* Assets.xcassets */ = {isa = PBXFileReference; lastKnownFileType = folder.assetcatalog; path = Assets.xcassets; sourceTree = "<group>"; };
		9F06626522379C600007E6D9 /* Base */ = {isa = PBXFileReference; lastKnownFileType = file.storyboard; name = Base; path = Base.lproj/LaunchScreen.storyboard; sourceTree = "<group>"; };
		9F06626722379C600007E6D9 /* Info.plist */ = {isa = PBXFileReference; lastKnownFileType = text.plist.xml; path = Info.plist; sourceTree = "<group>"; };
		9F06626822379C600007E6D9 /* main.m */ = {isa = PBXFileReference; lastKnownFileType = sourcecode.c.objc; path = main.m; sourceTree = "<group>"; };
		9F06626F22379CBA0007E6D9 /* PreLoader.h */ = {isa = PBXFileReference; lastKnownFileType = sourcecode.c.h; path = PreLoader.h; sourceTree = "<group>"; };
		9F06627022379CBA0007E6D9 /* PreLoader.m */ = {isa = PBXFileReference; lastKnownFileType = sourcecode.c.objc; path = PreLoader.m; sourceTree = "<group>"; };
/* End PBXFileReference section */

/* Begin PBXFrameworksBuildPhase section */
		9F06625322379C5B0007E6D9 /* Frameworks */ = {
			isa = PBXFrameworksBuildPhase;
			buildActionMask = 2147483647;
			files = (
			);
			runOnlyForDeploymentPostprocessing = 0;
		};
/* End PBXFrameworksBuildPhase section */

/* Begin PBXGroup section */
		9F06624D22379C5B0007E6D9 = {
			isa = PBXGroup;
			children = (
				9F06625822379C5B0007E6D9 /* XLPreLoader */,
				9F06625722379C5B0007E6D9 /* Products */,
			);
			sourceTree = "<group>";
		};
		9F06625722379C5B0007E6D9 /* Products */ = {
			isa = PBXGroup;
			children = (
				9F06625622379C5B0007E6D9 /* XLPreLoader.app */,
			);
			name = Products;
			sourceTree = "<group>";
		};
		9F06625822379C5B0007E6D9 /* XLPreLoader */ = {
			isa = PBXGroup;
			children = (
				9F06625922379C5B0007E6D9 /* AppDelegate.h */,
				9F06625A22379C5B0007E6D9 /* AppDelegate.m */,
				9F06625C22379C5B0007E6D9 /* ViewController.h */,
				9F06625D22379C5B0007E6D9 /* ViewController.m */,
				9F06626F22379CBA0007E6D9 /* PreLoader.h */,
				9F06627022379CBA0007E6D9 /* PreLoader.m */,
				9F06625F22379C5B0007E6D9 /* Main.storyboard */,
				9F06626222379C600007E6D9 /* Assets.xcassets */,
				9F06626422379C600007E6D9 /* LaunchScreen.storyboard */,
				9F06626722379C600007E6D9 /* Info.plist */,
				9F06626822379C600007E6D9 /* main.m */,
			);
			path = XLPreLoader;
			sourceTree = "<group>";
		};
/* End PBXGroup section */

/* Begin PBXNativeTarget section */
		9F06625522379C5B0007E6D9 /* XLPreLoader */ = {
			isa = PBXNativeTarget;
			buildConfigurationList = 9F06626C22379C600007E6D9 /* Build configuration list for PBXNativeTarget "XLPreLoader" */;
			buildPhases = (
				9F06625222379C5B0007E6D9 /* Sources */,
				9F06625322379C5B0007E6D9 /* Frameworks */,
				9F06625422379C5B0007E6D9 /* Resources */,
			);
			buildRules = (
			);
			dependencies = (
			);
			name = XLPreLoader;
			productName = XLPreLoader;
			productReference = 9F06625622379C5B0007E6D9 /* XLPreLoader.app */;
			productType = "com.apple.product-type.application";
		};
/* End PBXNativeTarget section */

/* Begin PBXProject section */
		9F06624E22379C5B0007E6D9 /* Project object */ = {
			isa = PBXProject;
			attributes = {
				LastUpgradeCheck = 1010;
				ORGANIZATIONNAME = "Mac-Qke";
				TargetAttributes = {
					9F06625522379C5B0007E6D9 = {
						CreatedOnToolsVersion = 10.1;
					};
				};
			};
			buildConfigurationList = 9F06625122379C5B0007E6D9 /* Build configuration list for PBXProject "XLPreLoader" */;
			compatibilityVersion = "Xcode 9.3";
			developmentRegion = en;
			hasScannedForEncodings = 0;
			knownRegions = (
				en,
				Base,
			);
			mainGroup = 9F06624D22379C5B0007E6D9;
			productRefGroup = 9F06625722379C5B0007E6D9 /* Products */;
			projectDirPath = "";
			projectRoot = "";
			targets = (
				9F06625522379C5B0007E6D9 /* XLPreLoader */,
			);
		};
/* End PBXProject section */

/* Begin PBXResourcesBuildPhase section */
		9F06625422379C5B0007E6D9 /* Resources */ = {
			isa = PBXResourcesBuildPhase;
			buildActionMask = 2147483647;
			files = (
				9F06626622379C600007E6D9 /* LaunchScreen.storyboard in Resources */,
				9F06626322379C600007E6D9 /* Assets.xcassets in Resources */,
				9F06626122379C5B0007E6D9 /* Main.storyboard in Resources */,
			);
			runOnlyForDeploymentPostprocessing = 0;
		};
/* End PBXResourcesBuildPhase section */

/* Begin PBXSourcesBuildPhase section */
		9F06625222379C5B0007E6D9 /* Sources */ = {
			isa = PBXSourcesBuildPhase;
			buildActionMask = 2147483647;
			files = (
				9F06627122379CBA0007E6D9 /* PreLoader.m in Sources */,
				9F06625E22379C5B0007E6D9 /* ViewController.m in Sources */,
				9F06626922379C600007E6D9 /* main.m in Sources */,
				9F06625B22379C5B0007E6D9 /* AppDelegate.m in Sources */,
			);
			runOnlyForDeploymentPostprocessing = 0;
		};
/* End PBXSourcesBuildPhase section */

/* Begin PBXVariantGroup section */
		9F06625F22379C5B0007E6D9 /* Main.storyboard */ = {
			isa = PBXVariantGroup;
			children = (
				9F06626022379C5B0007E6D9 /* Base */,
			);
			name = Main.storyboard;
			sourceTree = "<group>";
		};
		9F06626422379C600007E6D9 /* LaunchScreen.storyboard */ = {
			isa = PBXVariantGroup;
			children = (
				9F06626522379C600007E6D9 /* Base */,
			);
			name = LaunchScreen.storyboard;
			sourceTree = "<group>";
		};
/* End PBXVariantGroup section */

/* Begin XCBuildConfiguration section */
		9F06626A22379C600007E6D9 /* Debug */ = {
			isa = XCBuildConfiguration;
			buildSettings = {
				ALWAYS_SEARCH_USER_PATHS = NO;
				CLANG_ANALYZER_NONNULL = YES;
				CLANG_ANALYZER_NUMBER_OBJECT_CONVERSION = YES_AGGRESSIVE;
				CLANG_CXX_LANGUAGE_STANDARD = "gnu++14";
				CLANG_CXX_LIBRARY = "libc++";
				CLANG_ENABLE_MODULES = YES;
				CLANG_ENABLE_OBJC_ARC = YES;
				CLANG_ENABLE_OBJC_WEAK = YES;
				CLANG_WARN_BLOCK_CAPTURE_AUTORELEASING = YES;
				CLANG_WARN_BOOL_CONVERSION = YES;
				CLANG_WARN_COMMA = YES;
				CLANG_WARN_CONSTANT_CONVERSION = YES;
				CLANG_WARN_DEPRECATED_OBJC_IMPLEMENTATIONS = YES;
				CLANG_WARN_DIRECT_OBJC_ISA_USAGE = YES_ERROR;
				CLANG_WARN_DOCUMENTATION_COMMENTS = YES;
				CLANG_WARN_EMPTY_BODY = YES;
				CLANG_WARN_ENUM_CONVERSION = YES;
				CLANG_WARN_INFINITE_RECURSION = YES;
				CLANG_WARN_INT_CONVERSION = YES;
				CLANG_WARN_NON_LITERAL_NULL_CONVERSION = YES;
				CLANG_WARN_OBJC_IMPLICIT_RETAIN_SELF = YES;
				CLANG_WARN_OBJC_LITERAL_CONVERSION = YES;
				CLANG_WARN_OBJC_ROOT_CLASS = YES_ERROR;
				CLANG_WARN_RANGE_LOOP_ANALYSIS = YES;
				CLANG_WARN_STRICT_PROTOTYPES = YES;
				CLANG_WARN_SUSPICIOUS_MOVE = YES;
				CLANG_WARN_UNGUARDED_AVAILABILITY = YES_AGGRESSIVE;
				CLANG_WARN_UNREACHABLE_CODE = YES;
				CLANG_WARN__DUPLICATE_METHOD_MATCH = YES;
				CODE_SIGN_IDENTITY = "iPhone Developer";
				COPY_PHASE_STRIP = NO;
				DEBUG_INFORMATION_FORMAT = dwarf;
				ENABLE_STRICT_OBJC_MSGSEND = YES;
				ENABLE_TESTABILITY = YES;
				GCC_C_LANGUAGE_STANDARD = gnu11;
				GCC_DYNAMIC_NO_PIC = NO;
				GCC_NO_COMMON_BLOCKS = YES;
				GCC_OPTIMIZATION_LEVEL = 0;
				GCC_PREPROCESSOR_DEFINITIONS = (
					"DEBUG=1",
					"$(inherited)",
				);
				GCC_WARN_64_TO_32_BIT_CONVERSION = YES;
				GCC_WARN_ABOUT_RETURN_TYPE = YES_ERROR;
				GCC_WARN_UNDECLARED_SELECTOR = YES;
				GCC_WARN_UNINITIALIZED_AUTOS = YES_AGGRESSIVE;
				GCC_WARN_UNUSED_FUNCTION = YES;
				GCC_WARN_UNUSED_VARIABLE = YES;
				IPHONEOS_DEPLOYMENT_TARGET = 12.1;
				MTL_ENABLE_DEBUG_INFO = INCLUDE_SOURCE;
				MTL_FAST_MATH = YES;
				ONLY_ACTIVE_ARCH = YES;
				SDKROOT = iphoneos;
			};
			name = Debug;
		};
		9F06626B22379C600007E6D9 /* Release */ = {
			isa = XCBuildConfiguration;
			buildSettings = {
				ALWAYS_SEARCH_USER_PATHS = NO;
				CLANG_ANALYZER_NONNULL = YES;
				CLANG_ANALYZER_NUMBER_OBJECT_CONVERSION = YES_AGGRESSIVE;
				CLANG_CXX_LANGUAGE_STANDARD = "gnu++14";
				CLANG_CXX_LIBRARY = "libc++";
				CLANG_ENABLE_MODULES = YES;
				CLANG_ENABLE_OBJC_ARC = YES;
				CLANG_ENABLE_OBJC_WEAK = YES;
				CLANG_WARN_BLOCK_CAPTURE_AUTORELEASING = YES;
				CLANG_WARN_BOOL_CONVERSION = YES;
				CLANG_WARN_COMMA = YES;
				CLANG_WARN_CONSTANT_CONVERSION = YES;
				CLANG_WARN_DEPRECATED_OBJC_IMPLEMENTATIONS = YES;
				CLANG_WARN_DIRECT_OBJC_ISA_USAGE = YES_ERROR;
				CLANG_WARN_DOCUMENTATION_COMMENTS = YES;
				CLANG_WARN_EMPTY_BODY = YES;
				CLANG_WARN_ENUM_CONVERSION = YES;
				CLANG_WARN_INFINITE_RECURSION = YES;
				CLANG_WARN_INT_CONVERSION = YES;
				CLANG_WARN_NON_LITERAL_NULL_CONVERSION = YES;
				CLANG_WARN_OBJC_IMPLICIT_RETAIN_SELF = YES;
				CLANG_WARN_OBJC_LITERAL_CONVERSION = YES;
				CLANG_WARN_OBJC_ROOT_CLASS = YES_ERROR;
				CLANG_WARN_RANGE_LOOP_ANALYSIS = YES;
				CLANG_WARN_STRICT_PROTOTYPES = YES;
				CLANG_WARN_SUSPICIOUS_MOVE = YES;
				CLANG_WARN_UNGUARDED_AVAILABILITY = YES_AGGRESSIVE;
				CLANG_WARN_UNREACHABLE_CODE = YES;
				CLANG_WARN__DUPLICATE_METHOD_MATCH = YES;
				CODE_SIGN_IDENTITY = "iPhone Developer";
				COPY_PHASE_STRIP = NO;
				DEBUG_INFORMATION_FORMAT = "dwarf-with-dsym";
				ENABLE_NS_ASSERTIONS = NO;
				ENABLE_STRICT_OBJC_MSGSEND = YES;
				GCC_C_LANGUAGE_STANDARD = gnu11;
				GCC_NO_COMMON_BLOCKS = YES;
				GCC_WARN_64_TO_32_BIT_CONVERSION = YES;
				GCC_WARN_ABOUT_RETURN_TYPE = YES_ERROR;
				GCC_WARN_UNDECLARED_SELECTOR = YES;
				GCC_WARN_UNINITIALIZED_AUTOS = YES_AGGRESSIVE;
				GCC_WARN_UNUSED_FUNCTION = YES;
				GCC_WARN_UNUSED_VARIABLE = YES;
				IPHONEOS_DEPLOYMENT_TARGET = 12.1;
				MTL_ENABLE_DEBUG_INFO = NO;
				MTL_FAST_MATH = YES;
				SDKROOT = iphoneos;
				VALIDATE_PRODUCT = YES;
			};
			name = Release;
		};
		9F06626D22379C600007E6D9 /* Debug */ = {
			isa = XCBuildConfiguration;
			buildSettings = {
				ASSETCATALOG_COMPILER_APPICON_NAME = AppIcon;
				CODE_SIGN_STYLE = Automatic;
				DEVELOPMENT_TEAM = 5XH837PT9T;
				INFOPLIST_FILE = XLPreLoader/Info.plist;
				LD_RUNPATH_SEARCH_PATHS = (
					"$(inherited)",
					"@executable_path/Frameworks",
				);
				PRODUCT_BUNDLE_IDENTIFIER = com.HYCF.XLPreLoader;
				PRODUCT_NAME = "$(TARGET_NAME)";
				TARGETED_DEVICE_FAMILY = "1,2";
			};
			name = Debug;
		};
		9F06626E22379C600007E6D9 /* Release */ = {
			isa = XCBuildConfiguration;
			buildSettings = {
				ASSETCATALOG_COMPILER_APPICON_NAME = AppIcon;
				CODE_SIGN_STYLE = Automatic;
				DEVELOPMENT_TEAM = 5XH837PT9T;
				INFOPLIST_FILE = XLPreLoader/Info.plist;
				LD_RUNPATH_SEARCH_PATHS = (
					"$(inherited)",
					"@executable_path/Frameworks",
				);
				PRODUCT_BUNDLE_IDENTIFIER = com.HYCF.XLPreLoader;
				PRODUCT_NAME = "$(TARGET_NAME)";
				TARGETED_DEVICE_FAMILY = "1,2";
			};
			name = Release;
		};
/* End XCBuildConfiguration section */

/* Begin XCConfigurationList section */
		9F06625122379C5B0007E6D9 /* Build configuration list for PBXProject "XLPreLoader" */ = {
			isa = XCConfigurationList;
			buildConfigurations = (
				9F06626A22379C600007E6D9 /* Debug */,
				9F06626B22379C600007E6D9 /* Release */,
			);
			defaultConfigurationIsVisible = 0;
			defaultConfigurationName = Release;
		};
		9F06626C22379C600007E6D9 /* Build configuration list for PBXNativeTarget "XLPreLoader" */ = {
			isa = XCConfigurationList;
			buildConfigurations = (
				9F06626D22379C600007E6D9 /* Debug */,
				9F06626E22379C600007E6D9 /* Release */,
			);
			defaultConfigurationIsVisible = 0;
			defaultConfigurationName = Release;
		};
/* End XCConfigurationList section */
	};
	rootObject = 9F06624E22379C5B0007E6D9 /* Project object */;
}
